
Microsoft Visual Studio Solution File, Format Version 12.00
# Visual Studio Version 16
VisualStudioVersion = 16.0.30804.86
MinimumVisualStudioVersion = 10.0.40219.1
Project("{FAE04EC0-301F-11D3-BF4B-00C04F79EFBC}") = "testproj", "testproj.csproj", "{FDEAA41A-61F0-4A4D-883E-6BF938E1F93C}"
EndProject
Project("{9A19103F-16F7-4668-BE54-9A1E7A4F7556}") = "WebApplication1", "..\WebApplication1\WebApplication1.csproj", "{10F7169A-E5E9-40B6-A323-94BE50D31D02}"
EndProject
Project("{FAE04EC0-301F-11D3-BF4B-00C04F79EFBC}") = "protokol", "..\protokol\protokol.csproj", "{94225C93-AD3D-471F-8195-391D0CF812DE}"
EndProject
Project("{FAE04EC0-301F-11D3-BF4B-00C04F79EFBC}") = "Protocol", "..\..\..\Users\akate\source\repos\Protocol\Protocol.csproj", "{86D90864-3441-43C2-8AAA-721192F2A81E}"
EndProject
Global
	GlobalSection(SolutionConfigurationPlatforms) = preSolution
		Debug|Any CPU = Debug|Any CPU
		Release|Any CPU = Release|Any CPU
	EndGlobalSection
	GlobalSection(ProjectConfigurationPlatforms) = postSolution
		{FDEAA41A-61F0-4A4D-883E-6BF938E1F93C}.Debug|Any CPU.ActiveCfg = Debug|Any CPU
		{FDEAA41A-61F0-4A4D-883E-6BF938E1F93C}.Debug|Any CPU.Build.0 = Debug|Any CPU
		{FDEAA41A-61F0-4A4D-883E-6BF938E1F93C}.Release|Any CPU.ActiveCfg = Release|Any CPU
		{FDEAA41A-61F0-4A4D-883E-6BF938E1F93C}.Release|Any CPU.Build.0 = Release|Any CPU
		{10F7169A-E5E9-40B6-A323-94BE50D31D02}.Debug|Any CPU.ActiveCfg = Debug|Any CPU
		{10F7169A-E5E9-40B6-A323-94BE50D31D02}.Debug|Any CPU.Build.0 = Debug|Any CPU
		{10F7169A-E5E9-40B6-A323-94BE50D31D02}.Release|Any CPU.ActiveCfg = Release|Any CPU
		{10F7169A-E5E9-40B6-A323-94BE50D31D02}.Release|Any CPU.Build.0 = Release|Any CPU
		{94225C93-AD3D-471F-8195-391D0CF812DE}.Debug|Any CPU.ActiveCfg = Debug|Any CPU
		{94225C93-AD3D-471F-8195-391D0CF812DE}.Debug|Any CPU.Build.0 = Debug|Any CPU
		{94225C93-AD3D-471F-8195-391D0CF812DE}.Release|Any CPU.ActiveCfg = Release|Any CPU
		{94225C93-AD3D-471F-8195-391D0CF812DE}.Release|Any CPU.Build.0 = Release|Any CPU
		{86D90864-3441-43C2-8AAA-721192F2A81E}.Debug|Any CPU.ActiveCfg = Debug|Any CPU
		{86D90864-3441-43C2-8AAA-721192F2A81E}.Debug|Any CPU.Build.0 = Debug|Any CPU
		{86D90864-3441-43C2-8AAA-721192F2A81E}.Release|Any CPU.ActiveCfg = Release|Any CPU
		{86D90864-3441-43C2-8AAA-721192F2A81E}.Release|Any CPU.Build.0 = Release|Any CPU
	EndGlobalSection
	GlobalSection(SolutionProperties) = preSolution
		HideSolutionNode = FALSE
	EndGlobalSection
	GlobalSection(ExtensibilityGlobals) = postSolution
		SolutionGuid = {0B2BEB0B-2322-42A2-B9F5-CD6584A1D479}
	EndGlobalSection
EndGlobal
